
Microsoft Visual Studio Solution File, Format Version 12.00
# Visual Studio Version 17
VisualStudioVersion = 17.3.32929.385
MinimumVisualStudioVersion = 10.0.40219.1
Project("{FAE04EC0-301F-11D3-BF4B-00C04F79EFBC}") = "BouncingBall", "BouncingBall\BouncingBall.csproj", "{F1ECEF31-5D09-4DC0-867D-160DC04FBF75}"
EndProject
Global
	GlobalSection(SolutionConfigurationPlatforms) = preSolution
		Debug|Any CPU = Debug|Any CPU
		Release|Any CPU = Release|Any CPU
	EndGlobalSection
	GlobalSection(ProjectConfigurationPlatforms) = postSolution
		{F1ECEF31-5D09-4DC0-867D-160DC04FBF75}.Debug|Any CPU.ActiveCfg = Debug|Any CPU
		{F1ECEF31-5D09-4DC0-867D-160DC04FBF75}.Debug|Any CPU.Build.0 = Debug|Any CPU
		{F1ECEF31-5D09-4DC0-867D-160DC04FBF75}.Release|Any CPU.ActiveCfg = Release|Any CPU
		{F1ECEF31-5D09-4DC0-867D-160DC04FBF75}.Release|Any CPU.Build.0 = Release|Any CPU
	EndGlobalSection
	GlobalSection(SolutionProperties) = preSolution
		HideSolutionNode = FALSE
	EndGlobalSection
	GlobalSection(ExtensibilityGlobals) = postSolution
		SolutionGuid = {6F587F85-D174-4C33-AC63-DDCC514D71D2}
	EndGlobalSection
EndGlobal
